
Microsoft Visual Studio Solution File, Format Version 12.00
# Visual Studio 2017
Project("{FAE04EC0-301F-11D3-BF4B-00C04F79EFBC}") = "ScenarioDemo", "ScenarioDemo.csproj", "{3F1CDD9A-8FAE-2DD2-EE6B-04C41AAFB4A6}"
EndProject
Project("{FAE04EC0-301F-11D3-BF4B-00C04F79EFBC}") = "ScenarioDemo.Plugins", "ScenarioDemo.Plugins.csproj", "{1892CC8F-E4A3-1956-B906-23D7D7A1639A}"
EndProject
Project("{FAE04EC0-301F-11D3-BF4B-00C04F79EFBC}") = "ScenarioDemo.Editor", "ScenarioDemo.Editor.csproj", "{A7C0911A-4BCB-AF25-5E7F-71D898DC16EA}"
EndProject
Global
	GlobalSection(SolutionConfigurationPlatforms) = preSolution
		Debug|Any CPU = Debug|Any CPU
		Release|Any CPU = Release|Any CPU
	EndGlobalSection
	GlobalSection(ProjectConfigurationPlatforms) = postSolution
		{3F1CDD9A-8FAE-2DD2-EE6B-04C41AAFB4A6}.Debug|Any CPU.ActiveCfg = Debug|Any CPU
		{3F1CDD9A-8FAE-2DD2-EE6B-04C41AAFB4A6}.Debug|Any CPU.Build.0 = Debug|Any CPU
		{3F1CDD9A-8FAE-2DD2-EE6B-04C41AAFB4A6}.Release|Any CPU.ActiveCfg = Release|Any CPU
		{3F1CDD9A-8FAE-2DD2-EE6B-04C41AAFB4A6}.Release|Any CPU.Build.0 = Release|Any CPU
		{1892CC8F-E4A3-1956-B906-23D7D7A1639A}.Debug|Any CPU.ActiveCfg = Debug|Any CPU
		{1892CC8F-E4A3-1956-B906-23D7D7A1639A}.Debug|Any CPU.Build.0 = Debug|Any CPU
		{1892CC8F-E4A3-1956-B906-23D7D7A1639A}.Release|Any CPU.ActiveCfg = Release|Any CPU
		{1892CC8F-E4A3-1956-B906-23D7D7A1639A}.Release|Any CPU.Build.0 = Release|Any CPU
		{A7C0911A-4BCB-AF25-5E7F-71D898DC16EA}.Debug|Any CPU.ActiveCfg = Debug|Any CPU
		{A7C0911A-4BCB-AF25-5E7F-71D898DC16EA}.Debug|Any CPU.Build.0 = Debug|Any CPU
		{A7C0911A-4BCB-AF25-5E7F-71D898DC16EA}.Release|Any CPU.ActiveCfg = Release|Any CPU
		{A7C0911A-4BCB-AF25-5E7F-71D898DC16EA}.Release|Any CPU.Build.0 = Release|Any CPU
	EndGlobalSection
	GlobalSection(SolutionProperties) = preSolution
		HideSolutionNode = FALSE
	EndGlobalSection
EndGlobal
